
Microsoft Visual Studio Solution File, Format Version 12.00
# Visual Studio Version 16
VisualStudioVersion = 16.0.30413.136
MinimumVisualStudioVersion = 10.0.40219.1
Project("{FAE04EC0-301F-11D3-BF4B-00C04F79EFBC}") = "OrderProcessingApp", "OrderProcessingApp\OrderProcessingApp.csproj", "{EDFFDDF6-62D9-42F0-BD6E-AFBC91674539}"
EndProject
Project("{FAE04EC0-301F-11D3-BF4B-00C04F79EFBC}") = "OrderProcessingAppTest", "OrderProcessingAppTest\OrderProcessingAppTest.csproj", "{5A83BABF-13D7-4904-A344-685A19AEF839}"
EndProject
Global
	GlobalSection(SolutionConfigurationPlatforms) = preSolution
		Debug|Any CPU = Debug|Any CPU
		Release|Any CPU = Release|Any CPU
	EndGlobalSection
	GlobalSection(ProjectConfigurationPlatforms) = postSolution
		{EDFFDDF6-62D9-42F0-BD6E-AFBC91674539}.Debug|Any CPU.ActiveCfg = Debug|Any CPU
		{EDFFDDF6-62D9-42F0-BD6E-AFBC91674539}.Debug|Any CPU.Build.0 = Debug|Any CPU
		{EDFFDDF6-62D9-42F0-BD6E-AFBC91674539}.Release|Any CPU.ActiveCfg = Release|Any CPU
		{EDFFDDF6-62D9-42F0-BD6E-AFBC91674539}.Release|Any CPU.Build.0 = Release|Any CPU
		{5A83BABF-13D7-4904-A344-685A19AEF839}.Debug|Any CPU.ActiveCfg = Debug|Any CPU
		{5A83BABF-13D7-4904-A344-685A19AEF839}.Debug|Any CPU.Build.0 = Debug|Any CPU
		{5A83BABF-13D7-4904-A344-685A19AEF839}.Release|Any CPU.ActiveCfg = Release|Any CPU
		{5A83BABF-13D7-4904-A344-685A19AEF839}.Release|Any CPU.Build.0 = Release|Any CPU
	EndGlobalSection
	GlobalSection(SolutionProperties) = preSolution
		HideSolutionNode = FALSE
	EndGlobalSection
	GlobalSection(ExtensibilityGlobals) = postSolution
		SolutionGuid = {840BE7D2-CFE1-49DF-89FB-9D022405F332}
	EndGlobalSection
EndGlobal
